
Microsoft Visual Studio Solution File, Format Version 12.00
# Visual Studio Version 17
VisualStudioVersion = 17.9.34616.47
MinimumVisualStudioVersion = 10.0.40219.1
Project("{FAE04EC0-301F-11D3-BF4B-00C04F79EFBC}") = "02. Recipes Code First Demo", "02. Recipes Code First Demo\02. Recipes Code First Demo.csproj", "{BA5237CA-8091-4E50-A504-6C18A917EB17}"
EndProject
Global
	GlobalSection(SolutionConfigurationPlatforms) = preSolution
		Debug|Any CPU = Debug|Any CPU
		Release|Any CPU = Release|Any CPU
	EndGlobalSection
	GlobalSection(ProjectConfigurationPlatforms) = postSolution
		{BA5237CA-8091-4E50-A504-6C18A917EB17}.Debug|Any CPU.ActiveCfg = Debug|Any CPU
		{BA5237CA-8091-4E50-A504-6C18A917EB17}.Debug|Any CPU.Build.0 = Debug|Any CPU
		{BA5237CA-8091-4E50-A504-6C18A917EB17}.Release|Any CPU.ActiveCfg = Release|Any CPU
		{BA5237CA-8091-4E50-A504-6C18A917EB17}.Release|Any CPU.Build.0 = Release|Any CPU
	EndGlobalSection
	GlobalSection(SolutionProperties) = preSolution
		HideSolutionNode = FALSE
	EndGlobalSection
	GlobalSection(ExtensibilityGlobals) = postSolution
		SolutionGuid = {A5CA6F29-7496-44C4-AEBA-0012318954CB}
	EndGlobalSection
EndGlobal
