
Microsoft Visual Studio Solution File, Format Version 12.00
# Visual Studio Version 17
VisualStudioVersion = 17.9.34616.47
MinimumVisualStudioVersion = 10.0.40219.1
Project("{FAE04EC0-301F-11D3-BF4B-00C04F79EFBC}") = "02. Ado.net demo", "02. Ado.net demo\02. Ado.net demo.csproj", "{68C80F78-AAFC-46F9-8789-CC9D07A7CADF}"
EndProject
Global
	GlobalSection(SolutionConfigurationPlatforms) = preSolution
		Debug|Any CPU = Debug|Any CPU
		Release|Any CPU = Release|Any CPU
	EndGlobalSection
	GlobalSection(ProjectConfigurationPlatforms) = postSolution
		{68C80F78-AAFC-46F9-8789-CC9D07A7CADF}.Debug|Any CPU.ActiveCfg = Debug|Any CPU
		{68C80F78-AAFC-46F9-8789-CC9D07A7CADF}.Debug|Any CPU.Build.0 = Debug|Any CPU
		{68C80F78-AAFC-46F9-8789-CC9D07A7CADF}.Release|Any CPU.ActiveCfg = Release|Any CPU
		{68C80F78-AAFC-46F9-8789-CC9D07A7CADF}.Release|Any CPU.Build.0 = Release|Any CPU
	EndGlobalSection
	GlobalSection(SolutionProperties) = preSolution
		HideSolutionNode = FALSE
	EndGlobalSection
	GlobalSection(ExtensibilityGlobals) = postSolution
		SolutionGuid = {39183C6A-6463-4F5C-9B74-81DBBAC6774F}
	EndGlobalSection
EndGlobal
