
Microsoft Visual Studio Solution File, Format Version 12.00
# Visual Studio Version 16
VisualStudioVersion = 16.0.33214.272
MinimumVisualStudioVersion = 10.0.40219.1
Project("{FAE04EC0-301F-11D3-BF4B-00C04F79EFBC}") = "AdoNetDemo", "AdoNetDemo.csproj", "{11BB019F-B7F7-4EFF-ADD8-106B69050E34}"
EndProject
Global
	GlobalSection(SolutionConfigurationPlatforms) = preSolution
		Debug|Any CPU = Debug|Any CPU
		Release|Any CPU = Release|Any CPU
	EndGlobalSection
	GlobalSection(ProjectConfigurationPlatforms) = postSolution
		{11BB019F-B7F7-4EFF-ADD8-106B69050E34}.Debug|Any CPU.ActiveCfg = Debug|Any CPU
		{11BB019F-B7F7-4EFF-ADD8-106B69050E34}.Debug|Any CPU.Build.0 = Debug|Any CPU
		{11BB019F-B7F7-4EFF-ADD8-106B69050E34}.Release|Any CPU.ActiveCfg = Release|Any CPU
		{11BB019F-B7F7-4EFF-ADD8-106B69050E34}.Release|Any CPU.Build.0 = Release|Any CPU
	EndGlobalSection
	GlobalSection(SolutionProperties) = preSolution
		HideSolutionNode = FALSE
	EndGlobalSection
	GlobalSection(ExtensibilityGlobals) = postSolution
		SolutionGuid = {98B90DBA-CC4F-4332-9B3E-9598AB1581F0}
	EndGlobalSection
EndGlobal
